
Microsoft Visual Studio Solution File, Format Version 12.00
# Visual Studio 15
VisualStudioVersion = 15.0.26124.0
MinimumVisualStudioVersion = 15.0.26124.0
Project("{FAE04EC0-301F-11D3-BF4B-00C04F79EFBC}") = "TestConsoleApp", "TestConsoleApp\TestConsoleApp.csproj", "{2DFAF650-A220-4436-A786-4B27E820BA3B}"
EndProject
Project("{FAE04EC0-301F-11D3-BF4B-00C04F79EFBC}") = "TestConsoleApp.Tests", "TestConsoleApp.Tests\TestConsoleApp.Tests.csproj", "{38276901-5D1D-4787-B23F-6334F1CABF0C}"
EndProject
Global
	GlobalSection(SolutionConfigurationPlatforms) = preSolution
		Debug|Any CPU = Debug|Any CPU
		Debug|x64 = Debug|x64
		Debug|x86 = Debug|x86
		Release|Any CPU = Release|Any CPU
		Release|x64 = Release|x64
		Release|x86 = Release|x86
	EndGlobalSection
	GlobalSection(SolutionProperties) = preSolution
		HideSolutionNode = FALSE
	EndGlobalSection
	GlobalSection(ProjectConfigurationPlatforms) = postSolution
		{2DFAF650-A220-4436-A786-4B27E820BA3B}.Debug|Any CPU.ActiveCfg = Debug|Any CPU
		{2DFAF650-A220-4436-A786-4B27E820BA3B}.Debug|Any CPU.Build.0 = Debug|Any CPU
		{2DFAF650-A220-4436-A786-4B27E820BA3B}.Debug|x64.ActiveCfg = Debug|Any CPU
		{2DFAF650-A220-4436-A786-4B27E820BA3B}.Debug|x64.Build.0 = Debug|Any CPU
		{2DFAF650-A220-4436-A786-4B27E820BA3B}.Debug|x86.ActiveCfg = Debug|Any CPU
		{2DFAF650-A220-4436-A786-4B27E820BA3B}.Debug|x86.Build.0 = Debug|Any CPU
		{2DFAF650-A220-4436-A786-4B27E820BA3B}.Release|Any CPU.ActiveCfg = Release|Any CPU
		{2DFAF650-A220-4436-A786-4B27E820BA3B}.Release|Any CPU.Build.0 = Release|Any CPU
		{2DFAF650-A220-4436-A786-4B27E820BA3B}.Release|x64.ActiveCfg = Release|Any CPU
		{2DFAF650-A220-4436-A786-4B27E820BA3B}.Release|x64.Build.0 = Release|Any CPU
		{2DFAF650-A220-4436-A786-4B27E820BA3B}.Release|x86.ActiveCfg = Release|Any CPU
		{2DFAF650-A220-4436-A786-4B27E820BA3B}.Release|x86.Build.0 = Release|Any CPU
		{38276901-5D1D-4787-B23F-6334F1CABF0C}.Debug|Any CPU.ActiveCfg = Debug|Any CPU
		{38276901-5D1D-4787-B23F-6334F1CABF0C}.Debug|Any CPU.Build.0 = Debug|Any CPU
		{38276901-5D1D-4787-B23F-6334F1CABF0C}.Debug|x64.ActiveCfg = Debug|Any CPU
		{38276901-5D1D-4787-B23F-6334F1CABF0C}.Debug|x64.Build.0 = Debug|Any CPU
		{38276901-5D1D-4787-B23F-6334F1CABF0C}.Debug|x86.ActiveCfg = Debug|Any CPU
		{38276901-5D1D-4787-B23F-6334F1CABF0C}.Debug|x86.Build.0 = Debug|Any CPU
		{38276901-5D1D-4787-B23F-6334F1CABF0C}.Release|Any CPU.ActiveCfg = Release|Any CPU
		{38276901-5D1D-4787-B23F-6334F1CABF0C}.Release|Any CPU.Build.0 = Release|Any CPU
		{38276901-5D1D-4787-B23F-6334F1CABF0C}.Release|x64.ActiveCfg = Release|Any CPU
		{38276901-5D1D-4787-B23F-6334F1CABF0C}.Release|x64.Build.0 = Release|Any CPU
		{38276901-5D1D-4787-B23F-6334F1CABF0C}.Release|x86.ActiveCfg = Release|Any CPU
		{38276901-5D1D-4787-B23F-6334F1CABF0C}.Release|x86.Build.0 = Release|Any CPU
	EndGlobalSection
EndGlobal
